
Microsoft Visual Studio Solution File, Format Version 12.00
# Visual Studio Version 16
VisualStudioVersion = 16.0.29613.14
MinimumVisualStudioVersion = 10.0.40219.1
Project("{FAE04EC0-301F-11D3-BF4B-00C04F79EFBC}") = "ConsoleApp5", "ConsoleApp5\ConsoleApp5.csproj", "{D3F320F3-5D5C-4E2A-AB59-D22B14DEAAC7}"
EndProject
Global
	GlobalSection(SolutionConfigurationPlatforms) = preSolution
		Debug|Any CPU = Debug|Any CPU
		Release|Any CPU = Release|Any CPU
	EndGlobalSection
	GlobalSection(ProjectConfigurationPlatforms) = postSolution
		{D3F320F3-5D5C-4E2A-AB59-D22B14DEAAC7}.Debug|Any CPU.ActiveCfg = Debug|Any CPU
		{D3F320F3-5D5C-4E2A-AB59-D22B14DEAAC7}.Debug|Any CPU.Build.0 = Debug|Any CPU
		{D3F320F3-5D5C-4E2A-AB59-D22B14DEAAC7}.Release|Any CPU.ActiveCfg = Release|Any CPU
		{D3F320F3-5D5C-4E2A-AB59-D22B14DEAAC7}.Release|Any CPU.Build.0 = Release|Any CPU
	EndGlobalSection
	GlobalSection(SolutionProperties) = preSolution
		HideSolutionNode = FALSE
	EndGlobalSection
	GlobalSection(ExtensibilityGlobals) = postSolution
		SolutionGuid = {E301B3D3-CF90-4500-99EC-2A424DDA4FEA}
	EndGlobalSection
EndGlobal
